{
  "name": "cloudfront",
  "version": "1.0.0",
  "lockfileVersion": 2,
  "requires": true,
  "packages": {
    "": {
      "name": "cloudfront",
      "version": "1.0.0",
      "license": "ISC",
      "dependencies": {
        "@aws-sdk/cloudfront-signer": "^3.310.0"
      }
    },
    "node_modules/@aws-sdk/cloudfront-signer": {
      "version": "3.310.0",
      "resolved": "https://registry.npmjs.org/@aws-sdk/cloudfront-signer/-/cloudfront-signer-3.310.0.tgz",
      "integrity": "sha512-UdZBJX847efN38gMMK4zEzyfkmrwVaSLCD1Gk14hz5qRhF+/evuoHtYhiQHAfykxbvWigRByy3mNPxWmOTpe0g==",
      "dependencies": {
        "@aws-sdk/url-parser": "3.310.0"
      },
      "engines": {
        "node": ">=14.0.0"
      }
    },
    "node_modules/@aws-sdk/querystring-parser": {
      "version": "3.310.0",
      "resolved": "https://registry.npmjs.org/@aws-sdk/querystring-parser/-/querystring-parser-3.310.0.tgz",
      "integrity": "sha512-YkIznoP6lsiIUHinx++/lbb3tlMURGGqMpo0Pnn32zYzGrJXA6eC3D0as2EcMjo55onTfuLcIiX4qzXes2MYOA==",
      "dependencies": {
        "@aws-sdk/types": "3.310.0",
        "tslib": "^2.5.0"
      },
      "engines": {
        "node": ">=14.0.0"
      }
    },
    "node_modules/@aws-sdk/types": {
      "version": "3.310.0",
      "resolved": "https://registry.npmjs.org/@aws-sdk/types/-/types-3.310.0.tgz",
      "integrity": "sha512-j8eamQJ7YcIhw7fneUfs8LYl3t01k4uHi4ZDmNRgtbmbmTTG3FZc2MotStZnp3nZB6vLiPF1o5aoJxWVvkzS6A==",
      "dependencies": {
        "tslib": "^2.5.0"
      },
      "engines": {
        "node": ">=14.0.0"
      }
    },
    "node_modules/@aws-sdk/url-parser": {
      "version": "3.310.0",
      "resolved": "https://registry.npmjs.org/@aws-sdk/url-parser/-/url-parser-3.310.0.tgz",
      "integrity": "sha512-mCLnCaSB9rQvAgx33u0DujLvr4d5yEm/W5r789GblwwQnlNXedVu50QRizMLTpltYWyAUoXjJgQnJHmJMaKXhw==",
      "dependencies": {
        "@aws-sdk/querystring-parser": "3.310.0",
        "@aws-sdk/types": "3.310.0",
        "tslib": "^2.5.0"
      }
    },
    "node_modules/tslib": {
      "version": "2.5.0",
      "resolved": "https://registry.npmjs.org/tslib/-/tslib-2.5.0.tgz",
      "integrity": "sha512-336iVw3rtn2BUK7ORdIAHTyxHGRIHVReokCR3XjbckJMK7ms8FysBfhLR8IXnAgy7T0PTPNBWKiH514FOW/WSg=="
    }
  },
  "dependencies": {
    "@aws-sdk/cloudfront-signer": {
      "version": "3.310.0",
      "resolved": "https://registry.npmjs.org/@aws-sdk/cloudfront-signer/-/cloudfront-signer-3.310.0.tgz",
      "integrity": "sha512-UdZBJX847efN38gMMK4zEzyfkmrwVaSLCD1Gk14hz5qRhF+/evuoHtYhiQHAfykxbvWigRByy3mNPxWmOTpe0g==",
      "requires": {
        "@aws-sdk/url-parser": "3.310.0"
      }
    },
    "@aws-sdk/querystring-parser": {
      "version": "3.310.0",
      "resolved": "https://registry.npmjs.org/@aws-sdk/querystring-parser/-/querystring-parser-3.310.0.tgz",
      "integrity": "sha512-YkIznoP6lsiIUHinx++/lbb3tlMURGGqMpo0Pnn32zYzGrJXA6eC3D0as2EcMjo55onTfuLcIiX4qzXes2MYOA==",
      "requires": {
        "@aws-sdk/types": "3.310.0",
        "tslib": "^2.5.0"
      }
    },
    "@aws-sdk/types": {
      "version": "3.310.0",
      "resolved": "https://registry.npmjs.org/@aws-sdk/types/-/types-3.310.0.tgz",
      "integrity": "sha512-j8eamQJ7YcIhw7fneUfs8LYl3t01k4uHi4ZDmNRgtbmbmTTG3FZc2MotStZnp3nZB6vLiPF1o5aoJxWVvkzS6A==",
      "requires": {
        "tslib": "^2.5.0"
      }
    },
    "@aws-sdk/url-parser": {
      "version": "3.310.0",
      "resolved": "https://registry.npmjs.org/@aws-sdk/url-parser/-/url-parser-3.310.0.tgz",
      "integrity": "sha512-mCLnCaSB9rQvAgx33u0DujLvr4d5yEm/W5r789GblwwQnlNXedVu50QRizMLTpltYWyAUoXjJgQnJHmJMaKXhw==",
      "requires": {
        "@aws-sdk/querystring-parser": "3.310.0",
        "@aws-sdk/types": "3.310.0",
        "tslib": "^2.5.0"
      }
    },
    "tslib": {
      "version": "2.5.0",
      "resolved": "https://registry.npmjs.org/tslib/-/tslib-2.5.0.tgz",
      "integrity": "sha512-336iVw3rtn2BUK7ORdIAHTyxHGRIHVReokCR3XjbckJMK7ms8FysBfhLR8IXnAgy7T0PTPNBWKiH514FOW/WSg=="
    }
  }
}
